<?xml version="1.0" encoding="utf-8"?>
<Project ToolsVersion="4.0" xmlns="http://schemas.microsoft.com/developer/msbuild/2003">
  <ItemGroup>
    <Filter Include="Source Files">
      <UniqueIdentifier>{4FC737F1-C7A5-4376-A066-2A32D752A2FF}</UniqueIdentifier>
      <Extensions>cpp;c;cc;cxx;def;odl;idl;hpj;bat;asm;asmx</Extensions>
    </Filter>
    <Filter Include="Header Files">
      <UniqueIdentifier>{93995380-89BD-4b04-88EB-625FBE52EBFB}</UniqueIdentifier>
      <Extensions>h;hh;hpp;hxx;hm;inl;inc;xsd</Extensions>
    </Filter>
    <Filter Include="Resource Files">
      <UniqueIdentifier>{67DA6AB6-F800-4c08-8B7A-83BB121AAD01}</UniqueIdentifier>
      <Extensions>rc;ico;cur;bmp;dlg;rc2;rct;bin;rgs;gif;jpg;jpeg;jpe;resx;tiff;tif;png;wav;mfcribbon-ms</Extensions>
    </Filter>
    <Filter Include="Particle">
      <UniqueIdentifier>{c22d81f7-fb25-4228-b30e-547686724fd9}</UniqueIdentifier>
    </Filter>
    <Filter Include="Particle\Header">
      <UniqueIdentifier>{ea610398-e3c2-4d4b-ba66-02b5a14cbaf7}</UniqueIdentifier>
    </Filter>
    <Filter Include="Gravity Well">
      <UniqueIdentifier>{d21aa503-5206-4db9-8aef-77c540175ed4}</UniqueIdentifier>
    </Filter>
    <Filter Include="Simulation">
      <UniqueIdentifier>{d86e7105-73ac-43db-b64f-c3bf3c0ea53c}</UniqueIdentifier>
    </Filter>
  </ItemGroup>
  <ItemGroup>
    <ClCompile Include="main.cpp">
      <Filter>Source Files</Filter>
    </ClCompile>
    <ClCompile Include="pch.cpp">
      <Filter>Source Files</Filter>
    </ClCompile>
    <ClCompile Include="SystemClass.cpp">
      <Filter>Source Files</Filter>
    </ClCompile>
    <ClCompile Include="ConfigClass.cpp">
      <Filter>Source Files</Filter>
    </ClCompile>
    <ClCompile Include="GraphicClass.cpp">
      <Filter>Source Files</Filter>
    </ClCompile>
    <ClCompile Include="D3DClass.cpp">
      <Filter>Source Files</Filter>
    </ClCompile>
    <ClCompile Include="TimerClass.cpp">
      <Filter>Source Files</Filter>
    </ClCompile>
    <ClCompile Include="CameraClass.cpp">
      <Filter>Source Files</Filter>
    </ClCompile>
    <ClCompile Include="BallClass.cpp">
      <Filter>Source Files</Filter>
    </ClCompile>
    <ClCompile Include="BallManagerClass.cpp">
      <Filter>Source Files</Filter>
    </ClCompile>
    <ClCompile Include="ParticleClass.cpp">
      <Filter>Particle</Filter>
    </ClCompile>
    <ClCompile Include="ParticleContactClass.cpp">
      <Filter>Particle</Filter>
    </ClCompile>
    <ClCompile Include="ParticleLinkClass.cpp">
      <Filter>Particle</Filter>
    </ClCompile>
    <ClCompile Include="ParticleForceGenerator.cpp">
      <Filter>Particle</Filter>
    </ClCompile>
    <ClCompile Include="GravityWellClass.cpp">
      <Filter>Gravity Well</Filter>
    </ClCompile>
    <ClCompile Include="GravityWellManager.cpp">
      <Filter>Gravity Well</Filter>
    </ClCompile>
    <ClCompile Include="Simulation.cpp">
      <Filter>Simulation</Filter>
    </ClCompile>
    <ClCompile Include="ContactClass.cpp">
      <Filter>Simulation</Filter>
    </ClCompile>
    <ClCompile Include="ContactManifold.cpp">
      <Filter>Simulation</Filter>
    </ClCompile>
    <ClCompile Include="ContactResponser.cpp">
      <Filter>Source Files</Filter>
    </ClCompile>
  </ItemGroup>
  <ItemGroup>
    <None Include="packages.config" />
    <None Include="Resources\cup.cmo">
      <Filter>Resource Files</Filter>
    </None>
  </ItemGroup>
  <ItemGroup>
    <ClInclude Include="pch.h">
      <Filter>Header Files</Filter>
    </ClInclude>
    <ClInclude Include="SystemClass.h">
      <Filter>Header Files</Filter>
    </ClInclude>
    <ClInclude Include="ConfigClass.h">
      <Filter>Header Files</Filter>
    </ClInclude>
    <ClInclude Include="GraphicClass.h">
      <Filter>Header Files</Filter>
    </ClInclude>
    <ClInclude Include="resource.h">
      <Filter>Header Files</Filter>
    </ClInclude>
    <ClInclude Include="D3DClass.h">
      <Filter>Header Files</Filter>
    </ClInclude>
    <ClInclude Include="TimerClass.h">
      <Filter>Header Files</Filter>
    </ClInclude>
    <ClInclude Include="CameraClass.h">
      <Filter>Header Files</Filter>
    </ClInclude>
    <ClInclude Include="BallClass.h">
      <Filter>Header Files</Filter>
    </ClInclude>
    <ClInclude Include="BallManagerClass.h">
      <Filter>Header Files</Filter>
    </ClInclude>
    <ClInclude Include="ParticleClass.h">
      <Filter>Particle\Header</Filter>
    </ClInclude>
    <ClInclude Include="ParticleContactClass.h">
      <Filter>Particle\Header</Filter>
    </ClInclude>
    <ClInclude Include="ParticleLinkClass.h">
      <Filter>Particle\Header</Filter>
    </ClInclude>
    <ClInclude Include="ParticleForceGenerator.h">
      <Filter>Particle\Header</Filter>
    </ClInclude>
    <ClInclude Include="GravityWellClass.h">
      <Filter>Gravity Well</Filter>
    </ClInclude>
    <ClInclude Include="GravityWellManager.h">
      <Filter>Gravity Well</Filter>
    </ClInclude>
    <ClInclude Include="Simulation.h">
      <Filter>Simulation</Filter>
    </ClInclude>
    <ClInclude Include="ContactClass.h">
      <Filter>Simulation</Filter>
    </ClInclude>
    <ClInclude Include="ContactManifold.h">
      <Filter>Simulation</Filter>
    </ClInclude>
    <ClInclude Include="ContactResponser.h">
      <Filter>Header Files</Filter>
    </ClInclude>
  </ItemGroup>
  <ItemGroup>
    <ResourceCompile Include="Simulation.rc">
      <Filter>Resource Files</Filter>
    </ResourceCompile>
  </ItemGroup>
  <ItemGroup>
    <Image Include="earth.bmp">
      <Filter>Resource Files</Filter>
    </Image>
    <Image Include="Resources\cup.jpg">
      <Filter>Resource Files</Filter>
    </Image>
  </ItemGroup>
  <ItemGroup>
    <Text Include="Resources\config.txt">
      <Filter>Resource Files</Filter>
    </Text>
  </ItemGroup>
</Project>